{
  "requires": true,
  "lockfileVersion": 1,
  "dependencies": {
    "@types/office-js": {
      "version": "1.0.127",
      "resolved": "https://registry.npmjs.org/@types/office-js/-/office-js-1.0.127.tgz",
      "integrity": "sha512-KeneH4ALLUnM44tg78ILi5zGqr0KAKysuVXrsxBqA0Z2gzS9bGMGus/JJUnyuj9786rkiRgdljSA6wjo9Lee9A==",
      "dev": true
    }
  }
}
